// !$*UTF8*$!
{
	archiveVersion = 1;
	classes = {
	};
	objectVersion = 50;
	objects = {

/* Begin PBXBuildFile section */
		D7723E5A253E66C8005EA4AA /* LandmarksApp.swift in Sources */ = {isa = PBXBuildFile; fileRef = D7723E59253E66C8005EA4AA /* LandmarksApp.swift */; };
		D7723E5C253E66C8005EA4AA /* LandmarkDetail.swift in Sources */ = {isa = PBXBuildFile; fileRef = D7723E5B253E66C8005EA4AA /* LandmarkDetail.swift */; };
		D7723E5E253E66C9005EA4AA /* Assets.xcassets in Resources */ = {isa = PBXBuildFile; fileRef = D7723E5D253E66C9005EA4AA /* Assets.xcassets */; };
		D7723E61253E66C9005EA4AA /* Preview Assets.xcassets in Resources */ = {isa = PBXBuildFile; fileRef = D7723E60253E66C9005EA4AA /* Preview Assets.xcassets */; };
		D7BA1BCD255A1A80004E280C /* chincoteague.jpg in Resources */ = {isa = PBXBuildFile; fileRef = D7BA1BC0255A1A80004E280C /* chincoteague.jpg */; };
		D7BA1BCE255A1A80004E280C /* stmarylake.jpg in Resources */ = {isa = PBXBuildFile; fileRef = D7BA1BC1255A1A80004E280C /* stmarylake.jpg */; };
		D7BA1BCF255A1A80004E280C /* icybay.jpg in Resources */ = {isa = PBXBuildFile; fileRef = D7BA1BC2255A1A80004E280C /* icybay.jpg */; };
		D7BA1BD0255A1A80004E280C /* hiddenlake.jpg in Resources */ = {isa = PBXBuildFile; fileRef = D7BA1BC3255A1A80004E280C /* hiddenlake.jpg */; };
		D7BA1BD1255A1A80004E280C /* silversalmoncreek.jpg in Resources */ = {isa = PBXBuildFile; fileRef = D7BA1BC4255A1A80004E280C /* silversalmoncreek.jpg */; };
		D7BA1BD2255A1A80004E280C /* rainbowlake.jpg in Resources */ = {isa = PBXBuildFile; fileRef = D7BA1BC5255A1A80004E280C /* rainbowlake.jpg */; };
		D7BA1BD3255A1A80004E280C /* chilkoottrail.jpg in Resources */ = {isa = PBXBuildFile; fileRef = D7BA1BC6255A1A80004E280C /* chilkoottrail.jpg */; };
		D7BA1BD4255A1A80004E280C /* lakemcdonald.jpg in Resources */ = {isa = PBXBuildFile; fileRef = D7BA1BC7255A1A80004E280C /* lakemcdonald.jpg */; };
		D7BA1BD5255A1A80004E280C /* twinlake.jpg in Resources */ = {isa = PBXBuildFile; fileRef = D7BA1BC8255A1A80004E280C /* twinlake.jpg */; };
		D7BA1BD6255A1A80004E280C /* umbagog.jpg in Resources */ = {isa = PBXBuildFile; fileRef = D7BA1BC9255A1A80004E280C /* umbagog.jpg */; };
		D7BA1BD7255A1A80004E280C /* landmarkData.json in Resources */ = {isa = PBXBuildFile; fileRef = D7BA1BCA255A1A80004E280C /* landmarkData.json */; };
		D7BA1BD8255A1A80004E280C /* turtlerock.jpg in Resources */ = {isa = PBXBuildFile; fileRef = D7BA1BCB255A1A80004E280C /* turtlerock.jpg */; };
		D7BA1BD9255A1A80004E280C /* charleyrivers.jpg in Resources */ = {isa = PBXBuildFile; fileRef = D7BA1BCC255A1A80004E280C /* charleyrivers.jpg */; };
		D7BA1BDC255A1C8F004E280C /* UserData.swift in Sources */ = {isa = PBXBuildFile; fileRef = D7BA1BDB255A1C8F004E280C /* UserData.swift */; };
		D7D82F17253E733B001A4A43 /* CircleImage.swift in Sources */ = {isa = PBXBuildFile; fileRef = D7D82F16253E733B001A4A43 /* CircleImage.swift */; };
		D7D82F1A253E74B2001A4A43 /* MapView.swift in Sources */ = {isa = PBXBuildFile; fileRef = D7D82F19253E74B2001A4A43 /* MapView.swift */; };
		D7DCC52C2547A36D00E80B5C /* LandmarkRow.swift in Sources */ = {isa = PBXBuildFile; fileRef = D7DCC52B2547A36D00E80B5C /* LandmarkRow.swift */; };
		D7DCC52F2547A81900E80B5C /* LandmarkList.swift in Sources */ = {isa = PBXBuildFile; fileRef = D7DCC52E2547A81900E80B5C /* LandmarkList.swift */; };
		D7E0749A2547A048002CBE43 /* Data.swift in Sources */ = {isa = PBXBuildFile; fileRef = D7E074982547A048002CBE43 /* Data.swift */; };
		D7E0749B2547A048002CBE43 /* Landmark.swift in Sources */ = {isa = PBXBuildFile; fileRef = D7E074992547A048002CBE43 /* Landmark.swift */; };
		D7FD8A6425634FFE00A3BF7E /* Badge.swift in Sources */ = {isa = PBXBuildFile; fileRef = D7FD8A6325634FFE00A3BF7E /* Badge.swift */; };
		D7FD8A672563507300A3BF7E /* HexagonParameters.swift in Sources */ = {isa = PBXBuildFile; fileRef = D7FD8A662563507300A3BF7E /* HexagonParameters.swift */; };
/* End PBXBuildFile section */

/* Begin PBXFileReference section */
		D7723E56253E66C8005EA4AA /* Landmarks.app */ = {isa = PBXFileReference; explicitFileType = wrapper.application; includeInIndex = 0; path = Landmarks.app; sourceTree = BUILT_PRODUCTS_DIR; };
		D7723E59253E66C8005EA4AA /* LandmarksApp.swift */ = {isa = PBXFileReference; lastKnownFileType = sourcecode.swift; path = LandmarksApp.swift; sourceTree = "<group>"; };
		D7723E5B253E66C8005EA4AA /* LandmarkDetail.swift */ = {isa = PBXFileReference; lastKnownFileType = sourcecode.swift; path = LandmarkDetail.swift; sourceTree = "<group>"; };
		D7723E5D253E66C9005EA4AA /* Assets.xcassets */ = {isa = PBXFileReference; lastKnownFileType = folder.assetcatalog; path = Assets.xcassets; sourceTree = "<group>"; };
		D7723E60253E66C9005EA4AA /* Preview Assets.xcassets */ = {isa = PBXFileReference; lastKnownFileType = folder.assetcatalog; path = "Preview Assets.xcassets"; sourceTree = "<group>"; };
		D7723E62253E66C9005EA4AA /* Info.plist */ = {isa = PBXFileReference; lastKnownFileType = text.plist.xml; path = Info.plist; sourceTree = "<group>"; };
		D7BA1BC0255A1A80004E280C /* chincoteague.jpg */ = {isa = PBXFileReference; lastKnownFileType = image.jpeg; path = chincoteague.jpg; sourceTree = "<group>"; };
		D7BA1BC1255A1A80004E280C /* stmarylake.jpg */ = {isa = PBXFileReference; lastKnownFileType = image.jpeg; path = stmarylake.jpg; sourceTree = "<group>"; };
		D7BA1BC2255A1A80004E280C /* icybay.jpg */ = {isa = PBXFileReference; lastKnownFileType = image.jpeg; path = icybay.jpg; sourceTree = "<group>"; };
		D7BA1BC3255A1A80004E280C /* hiddenlake.jpg */ = {isa = PBXFileReference; lastKnownFileType = image.jpeg; path = hiddenlake.jpg; sourceTree = "<group>"; };
		D7BA1BC4255A1A80004E280C /* silversalmoncreek.jpg */ = {isa = PBXFileReference; lastKnownFileType = image.jpeg; path = silversalmoncreek.jpg; sourceTree = "<group>"; };
		D7BA1BC5255A1A80004E280C /* rainbowlake.jpg */ = {isa = PBXFileReference; lastKnownFileType = image.jpeg; path = rainbowlake.jpg; sourceTree = "<group>"; };
		D7BA1BC6255A1A80004E280C /* chilkoottrail.jpg */ = {isa = PBXFileReference; lastKnownFileType = image.jpeg; path = chilkoottrail.jpg; sourceTree = "<group>"; };
		D7BA1BC7255A1A80004E280C /* lakemcdonald.jpg */ = {isa = PBXFileReference; lastKnownFileType = image.jpeg; path = lakemcdonald.jpg; sourceTree = "<group>"; };
		D7BA1BC8255A1A80004E280C /* twinlake.jpg */ = {isa = PBXFileReference; lastKnownFileType = image.jpeg; path = twinlake.jpg; sourceTree = "<group>"; };
		D7BA1BC9255A1A80004E280C /* umbagog.jpg */ = {isa = PBXFileReference; lastKnownFileType = image.jpeg; path = umbagog.jpg; sourceTree = "<group>"; };
		D7BA1BCA255A1A80004E280C /* landmarkData.json */ = {isa = PBXFileReference; fileEncoding = 4; lastKnownFileType = text.json; path = landmarkData.json; sourceTree = "<group>"; };
		D7BA1BCB255A1A80004E280C /* turtlerock.jpg */ = {isa = PBXFileReference; lastKnownFileType = image.jpeg; path = turtlerock.jpg; sourceTree = "<group>"; };
		D7BA1BCC255A1A80004E280C /* charleyrivers.jpg */ = {isa = PBXFileReference; lastKnownFileType = image.jpeg; path = charleyrivers.jpg; sourceTree = "<group>"; };
		D7BA1BDB255A1C8F004E280C /* UserData.swift */ = {isa = PBXFileReference; lastKnownFileType = sourcecode.swift; path = UserData.swift; sourceTree = "<group>"; };
		D7D82F16253E733B001A4A43 /* CircleImage.swift */ = {isa = PBXFileReference; lastKnownFileType = sourcecode.swift; path = CircleImage.swift; sourceTree = "<group>"; };
		D7D82F19253E74B2001A4A43 /* MapView.swift */ = {isa = PBXFileReference; lastKnownFileType = sourcecode.swift; path = MapView.swift; sourceTree = "<group>"; };
		D7DCC52B2547A36D00E80B5C /* LandmarkRow.swift */ = {isa = PBXFileReference; lastKnownFileType = sourcecode.swift; path = LandmarkRow.swift; sourceTree = "<group>"; };
		D7DCC52E2547A81900E80B5C /* LandmarkList.swift */ = {isa = PBXFileReference; lastKnownFileType = sourcecode.swift; path = LandmarkList.swift; sourceTree = "<group>"; };
		D7E074982547A048002CBE43 /* Data.swift */ = {isa = PBXFileReference; fileEncoding = 4; lastKnownFileType = sourcecode.swift; path = Data.swift; sourceTree = "<group>"; };
		D7E074992547A048002CBE43 /* Landmark.swift */ = {isa = PBXFileReference; fileEncoding = 4; lastKnownFileType = sourcecode.swift; path = Landmark.swift; sourceTree = "<group>"; };
		D7FD8A6325634FFE00A3BF7E /* Badge.swift */ = {isa = PBXFileReference; lastKnownFileType = sourcecode.swift; path = Badge.swift; sourceTree = "<group>"; };
		D7FD8A662563507300A3BF7E /* HexagonParameters.swift */ = {isa = PBXFileReference; lastKnownFileType = sourcecode.swift; path = HexagonParameters.swift; sourceTree = "<group>"; };
/* End PBXFileReference section */

/* Begin PBXFrameworksBuildPhase section */
		D7723E53253E66C8005EA4AA /* Frameworks */ = {
			isa = PBXFrameworksBuildPhase;
			buildActionMask = 2147483647;
			files = (
			);
			runOnlyForDeploymentPostprocessing = 0;
		};
/* End PBXFrameworksBuildPhase section */

/* Begin PBXGroup section */
		D7723E4D253E66C8005EA4AA = {
			isa = PBXGroup;
			children = (
				D7723E58253E66C8005EA4AA /* Landmarks */,
				D7723E57253E66C8005EA4AA /* Products */,
			);
			sourceTree = "<group>";
		};
		D7723E57253E66C8005EA4AA /* Products */ = {
			isa = PBXGroup;
			children = (
				D7723E56253E66C8005EA4AA /* Landmarks.app */,
			);
			name = Products;
			sourceTree = "<group>";
		};
		D7723E58253E66C8005EA4AA /* Landmarks */ = {
			isa = PBXGroup;
			children = (
				D7723E59253E66C8005EA4AA /* LandmarksApp.swift */,
				D7723E5B253E66C8005EA4AA /* LandmarkDetail.swift */,
				D7723E5D253E66C9005EA4AA /* Assets.xcassets */,
				D7723E62253E66C9005EA4AA /* Info.plist */,
				D7723E5F253E66C9005EA4AA /* Preview Content */,
				D7D82F16253E733B001A4A43 /* CircleImage.swift */,
				D7D82F19253E74B2001A4A43 /* MapView.swift */,
				D7E074972547A048002CBE43 /* Models */,
				D7E0747C2547A03A002CBE43 /* Resources */,
				D7DCC52B2547A36D00E80B5C /* LandmarkRow.swift */,
				D7DCC52E2547A81900E80B5C /* LandmarkList.swift */,
				D7FD8A6325634FFE00A3BF7E /* Badge.swift */,
				D7FD8A662563507300A3BF7E /* HexagonParameters.swift */,
			);
			path = Landmarks;
			sourceTree = "<group>";
		};
		D7723E5F253E66C9005EA4AA /* Preview Content */ = {
			isa = PBXGroup;
			children = (
				D7723E60253E66C9005EA4AA /* Preview Assets.xcassets */,
			);
			path = "Preview Content";
			sourceTree = "<group>";
		};
		D7E0747C2547A03A002CBE43 /* Resources */ = {
			isa = PBXGroup;
			children = (
				D7BA1BCC255A1A80004E280C /* charleyrivers.jpg */,
				D7BA1BC6255A1A80004E280C /* chilkoottrail.jpg */,
				D7BA1BC0255A1A80004E280C /* chincoteague.jpg */,
				D7BA1BC3255A1A80004E280C /* hiddenlake.jpg */,
				D7BA1BC2255A1A80004E280C /* icybay.jpg */,
				D7BA1BC7255A1A80004E280C /* lakemcdonald.jpg */,
				D7BA1BCA255A1A80004E280C /* landmarkData.json */,
				D7BA1BC5255A1A80004E280C /* rainbowlake.jpg */,
				D7BA1BC4255A1A80004E280C /* silversalmoncreek.jpg */,
				D7BA1BC1255A1A80004E280C /* stmarylake.jpg */,
				D7BA1BCB255A1A80004E280C /* turtlerock.jpg */,
				D7BA1BC8255A1A80004E280C /* twinlake.jpg */,
				D7BA1BC9255A1A80004E280C /* umbagog.jpg */,
			);
			path = Resources;
			sourceTree = "<group>";
		};
		D7E074972547A048002CBE43 /* Models */ = {
			isa = PBXGroup;
			children = (
				D7E074982547A048002CBE43 /* Data.swift */,
				D7E074992547A048002CBE43 /* Landmark.swift */,
				D7BA1BDB255A1C8F004E280C /* UserData.swift */,
			);
			path = Models;
			sourceTree = "<group>";
		};
/* End PBXGroup section */

/* Begin PBXNativeTarget section */
		D7723E55253E66C8005EA4AA /* Landmarks */ = {
			isa = PBXNativeTarget;
			buildConfigurationList = D7723E65253E66C9005EA4AA /* Build configuration list for PBXNativeTarget "Landmarks" */;
			buildPhases = (
				D7723E52253E66C8005EA4AA /* Sources */,
				D7723E53253E66C8005EA4AA /* Frameworks */,
				D7723E54253E66C8005EA4AA /* Resources */,
			);
			buildRules = (
			);
			dependencies = (
			);
			name = Landmarks;
			productName = Landmarks;
			productReference = D7723E56253E66C8005EA4AA /* Landmarks.app */;
			productType = "com.apple.product-type.application";
		};
/* End PBXNativeTarget section */

/* Begin PBXProject section */
		D7723E4E253E66C8005EA4AA /* Project object */ = {
			isa = PBXProject;
			attributes = {
				LastSwiftUpdateCheck = 1200;
				LastUpgradeCheck = 1200;
				TargetAttributes = {
					D7723E55253E66C8005EA4AA = {
						CreatedOnToolsVersion = 12.0.1;
					};
				};
			};
			buildConfigurationList = D7723E51253E66C8005EA4AA /* Build configuration list for PBXProject "Landmarks" */;
			compatibilityVersion = "Xcode 9.3";
			developmentRegion = en;
			hasScannedForEncodings = 0;
			knownRegions = (
				en,
				Base,
			);
			mainGroup = D7723E4D253E66C8005EA4AA;
			productRefGroup = D7723E57253E66C8005EA4AA /* Products */;
			projectDirPath = "";
			projectRoot = "";
			targets = (
				D7723E55253E66C8005EA4AA /* Landmarks */,
			);
		};
/* End PBXProject section */

/* Begin PBXResourcesBuildPhase section */
		D7723E54253E66C8005EA4AA /* Resources */ = {
			isa = PBXResourcesBuildPhase;
			buildActionMask = 2147483647;
			files = (
				D7BA1BD9255A1A80004E280C /* charleyrivers.jpg in Resources */,
				D7BA1BD6255A1A80004E280C /* umbagog.jpg in Resources */,
				D7BA1BCD255A1A80004E280C /* chincoteague.jpg in Resources */,
				D7BA1BD8255A1A80004E280C /* turtlerock.jpg in Resources */,
				D7BA1BD3255A1A80004E280C /* chilkoottrail.jpg in Resources */,
				D7723E61253E66C9005EA4AA /* Preview Assets.xcassets in Resources */,
				D7BA1BD7255A1A80004E280C /* landmarkData.json in Resources */,
				D7BA1BCE255A1A80004E280C /* stmarylake.jpg in Resources */,
				D7BA1BCF255A1A80004E280C /* icybay.jpg in Resources */,
				D7BA1BD1255A1A80004E280C /* silversalmoncreek.jpg in Resources */,
				D7BA1BD4255A1A80004E280C /* lakemcdonald.jpg in Resources */,
				D7BA1BD2255A1A80004E280C /* rainbowlake.jpg in Resources */,
				D7BA1BD0255A1A80004E280C /* hiddenlake.jpg in Resources */,
				D7723E5E253E66C9005EA4AA /* Assets.xcassets in Resources */,
				D7BA1BD5255A1A80004E280C /* twinlake.jpg in Resources */,
			);
			runOnlyForDeploymentPostprocessing = 0;
		};
/* End PBXResourcesBuildPhase section */

/* Begin PBXSourcesBuildPhase section */
		D7723E52253E66C8005EA4AA /* Sources */ = {
			isa = PBXSourcesBuildPhase;
			buildActionMask = 2147483647;
			files = (
				D7723E5C253E66C8005EA4AA /* LandmarkDetail.swift in Sources */,
				D7FD8A6425634FFE00A3BF7E /* Badge.swift in Sources */,
				D7E0749A2547A048002CBE43 /* Data.swift in Sources */,
				D7D82F1A253E74B2001A4A43 /* MapView.swift in Sources */,
				D7FD8A672563507300A3BF7E /* HexagonParameters.swift in Sources */,
				D7BA1BDC255A1C8F004E280C /* UserData.swift in Sources */,
				D7DCC52F2547A81900E80B5C /* LandmarkList.swift in Sources */,
				D7723E5A253E66C8005EA4AA /* LandmarksApp.swift in Sources */,
				D7D82F17253E733B001A4A43 /* CircleImage.swift in Sources */,
				D7DCC52C2547A36D00E80B5C /* LandmarkRow.swift in Sources */,
				D7E0749B2547A048002CBE43 /* Landmark.swift in Sources */,
			);
			runOnlyForDeploymentPostprocessing = 0;
		};
/* End PBXSourcesBuildPhase section */

/* Begin XCBuildConfiguration section */
		D7723E63253E66C9005EA4AA /* Debug */ = {
			isa = XCBuildConfiguration;
			buildSettings = {
				ALWAYS_SEARCH_USER_PATHS = NO;
				CLANG_ANALYZER_NONNULL = YES;
				CLANG_ANALYZER_NUMBER_OBJECT_CONVERSION = YES_AGGRESSIVE;
				CLANG_CXX_LANGUAGE_STANDARD = "gnu++14";
				CLANG_CXX_LIBRARY = "libc++";
				CLANG_ENABLE_MODULES = YES;
				CLANG_ENABLE_OBJC_ARC = YES;
				CLANG_ENABLE_OBJC_WEAK = YES;
				CLANG_WARN_BLOCK_CAPTURE_AUTORELEASING = YES;
				CLANG_WARN_BOOL_CONVERSION = YES;
				CLANG_WARN_COMMA = YES;
				CLANG_WARN_CONSTANT_CONVERSION = YES;
				CLANG_WARN_DEPRECATED_OBJC_IMPLEMENTATIONS = YES;
				CLANG_WARN_DIRECT_OBJC_ISA_USAGE = YES_ERROR;
				CLANG_WARN_DOCUMENTATION_COMMENTS = YES;
				CLANG_WARN_EMPTY_BODY = YES;
				CLANG_WARN_ENUM_CONVERSION = YES;
				CLANG_WARN_INFINITE_RECURSION = YES;
				CLANG_WARN_INT_CONVERSION = YES;
				CLANG_WARN_NON_LITERAL_NULL_CONVERSION = YES;
				CLANG_WARN_OBJC_IMPLICIT_RETAIN_SELF = YES;
				CLANG_WARN_OBJC_LITERAL_CONVERSION = YES;
				CLANG_WARN_OBJC_ROOT_CLASS = YES_ERROR;
				CLANG_WARN_QUOTED_INCLUDE_IN_FRAMEWORK_HEADER = YES;
				CLANG_WARN_RANGE_LOOP_ANALYSIS = YES;
				CLANG_WARN_STRICT_PROTOTYPES = YES;
				CLANG_WARN_SUSPICIOUS_MOVE = YES;
				CLANG_WARN_UNGUARDED_AVAILABILITY = YES_AGGRESSIVE;
				CLANG_WARN_UNREACHABLE_CODE = YES;
				CLANG_WARN__DUPLICATE_METHOD_MATCH = YES;
				COPY_PHASE_STRIP = NO;
				DEBUG_INFORMATION_FORMAT = dwarf;
				ENABLE_STRICT_OBJC_MSGSEND = YES;
				ENABLE_TESTABILITY = YES;
				GCC_C_LANGUAGE_STANDARD = gnu11;
				GCC_DYNAMIC_NO_PIC = NO;
				GCC_NO_COMMON_BLOCKS = YES;
				GCC_OPTIMIZATION_LEVEL = 0;
				GCC_PREPROCESSOR_DEFINITIONS = (
					"DEBUG=1",
					"$(inherited)",
				);
				GCC_WARN_64_TO_32_BIT_CONVERSION = YES;
				GCC_WARN_ABOUT_RETURN_TYPE = YES_ERROR;
				GCC_WARN_UNDECLARED_SELECTOR = YES;
				GCC_WARN_UNINITIALIZED_AUTOS = YES_AGGRESSIVE;
				GCC_WARN_UNUSED_FUNCTION = YES;
				GCC_WARN_UNUSED_VARIABLE = YES;
				IPHONEOS_DEPLOYMENT_TARGET = 14.0;
				MTL_ENABLE_DEBUG_INFO = INCLUDE_SOURCE;
				MTL_FAST_MATH = YES;
				ONLY_ACTIVE_ARCH = YES;
				SDKROOT = iphoneos;
				SWIFT_ACTIVE_COMPILATION_CONDITIONS = DEBUG;
				SWIFT_OPTIMIZATION_LEVEL = "-Onone";
			};
			name = Debug;
		};
		D7723E64253E66C9005EA4AA /* Release */ = {
			isa = XCBuildConfiguration;
			buildSettings = {
				ALWAYS_SEARCH_USER_PATHS = NO;
				CLANG_ANALYZER_NONNULL = YES;
				CLANG_ANALYZER_NUMBER_OBJECT_CONVERSION = YES_AGGRESSIVE;
				CLANG_CXX_LANGUAGE_STANDARD = "gnu++14";
				CLANG_CXX_LIBRARY = "libc++";
				CLANG_ENABLE_MODULES = YES;
				CLANG_ENABLE_OBJC_ARC = YES;
				CLANG_ENABLE_OBJC_WEAK = YES;
				CLANG_WARN_BLOCK_CAPTURE_AUTORELEASING = YES;
				CLANG_WARN_BOOL_CONVERSION = YES;
				CLANG_WARN_COMMA = YES;
				CLANG_WARN_CONSTANT_CONVERSION = YES;
				CLANG_WARN_DEPRECATED_OBJC_IMPLEMENTATIONS = YES;
				CLANG_WARN_DIRECT_OBJC_ISA_USAGE = YES_ERROR;
				CLANG_WARN_DOCUMENTATION_COMMENTS = YES;
				CLANG_WARN_EMPTY_BODY = YES;
				CLANG_WARN_ENUM_CONVERSION = YES;
				CLANG_WARN_INFINITE_RECURSION = YES;
				CLANG_WARN_INT_CONVERSION = YES;
				CLANG_WARN_NON_LITERAL_NULL_CONVERSION = YES;
				CLANG_WARN_OBJC_IMPLICIT_RETAIN_SELF = YES;
				CLANG_WARN_OBJC_LITERAL_CONVERSION = YES;
				CLANG_WARN_OBJC_ROOT_CLASS = YES_ERROR;
				CLANG_WARN_QUOTED_INCLUDE_IN_FRAMEWORK_HEADER = YES;
				CLANG_WARN_RANGE_LOOP_ANALYSIS = YES;
				CLANG_WARN_STRICT_PROTOTYPES = YES;
				CLANG_WARN_SUSPICIOUS_MOVE = YES;
				CLANG_WARN_UNGUARDED_AVAILABILITY = YES_AGGRESSIVE;
				CLANG_WARN_UNREACHABLE_CODE = YES;
				CLANG_WARN__DUPLICATE_METHOD_MATCH = YES;
				COPY_PHASE_STRIP = NO;
				DEBUG_INFORMATION_FORMAT = "dwarf-with-dsym";
				ENABLE_NS_ASSERTIONS = NO;
				ENABLE_STRICT_OBJC_MSGSEND = YES;
				GCC_C_LANGUAGE_STANDARD = gnu11;
				GCC_NO_COMMON_BLOCKS = YES;
				GCC_WARN_64_TO_32_BIT_CONVERSION = YES;
				GCC_WARN_ABOUT_RETURN_TYPE = YES_ERROR;
				GCC_WARN_UNDECLARED_SELECTOR = YES;
				GCC_WARN_UNINITIALIZED_AUTOS = YES_AGGRESSIVE;
				GCC_WARN_UNUSED_FUNCTION = YES;
				GCC_WARN_UNUSED_VARIABLE = YES;
				IPHONEOS_DEPLOYMENT_TARGET = 14.0;
				MTL_ENABLE_DEBUG_INFO = NO;
				MTL_FAST_MATH = YES;
				SDKROOT = iphoneos;
				SWIFT_COMPILATION_MODE = wholemodule;
				SWIFT_OPTIMIZATION_LEVEL = "-O";
				VALIDATE_PRODUCT = YES;
			};
			name = Release;
		};
		D7723E66253E66C9005EA4AA /* Debug */ = {
			isa = XCBuildConfiguration;
			buildSettings = {
				ASSETCATALOG_COMPILER_APPICON_NAME = AppIcon;
				ASSETCATALOG_COMPILER_GLOBAL_ACCENT_COLOR_NAME = AccentColor;
				CODE_SIGN_STYLE = Automatic;
				DEVELOPMENT_ASSET_PATHS = "\"Landmarks/Preview Content\"";
				DEVELOPMENT_TEAM = B57C6RSCWE;
				ENABLE_PREVIEWS = YES;
				INFOPLIST_FILE = Landmarks/Info.plist;
				IPHONEOS_DEPLOYMENT_TARGET = 14.0;
				LD_RUNPATH_SEARCH_PATHS = (
					"$(inherited)",
					"@executable_path/Frameworks",
				);
				PRODUCT_BUNDLE_IDENTIFIER = com.example.Landmarks;
				PRODUCT_NAME = "$(TARGET_NAME)";
				SWIFT_VERSION = 5.0;
				TARGETED_DEVICE_FAMILY = "1,2";
			};
			name = Debug;
		};
		D7723E67253E66C9005EA4AA /* Release */ = {
			isa = XCBuildConfiguration;
			buildSettings = {
				ASSETCATALOG_COMPILER_APPICON_NAME = AppIcon;
				ASSETCATALOG_COMPILER_GLOBAL_ACCENT_COLOR_NAME = AccentColor;
				CODE_SIGN_STYLE = Automatic;
				DEVELOPMENT_ASSET_PATHS = "\"Landmarks/Preview Content\"";
				DEVELOPMENT_TEAM = B57C6RSCWE;
				ENABLE_PREVIEWS = YES;
				INFOPLIST_FILE = Landmarks/Info.plist;
				IPHONEOS_DEPLOYMENT_TARGET = 14.0;
				LD_RUNPATH_SEARCH_PATHS = (
					"$(inherited)",
					"@executable_path/Frameworks",
				);
				PRODUCT_BUNDLE_IDENTIFIER = com.example.Landmarks;
				PRODUCT_NAME = "$(TARGET_NAME)";
				SWIFT_VERSION = 5.0;
				TARGETED_DEVICE_FAMILY = "1,2";
			};
			name = Release;
		};
/* End XCBuildConfiguration section */

/* Begin XCConfigurationList section */
		D7723E51253E66C8005EA4AA /* Build configuration list for PBXProject "Landmarks" */ = {
			isa = XCConfigurationList;
			buildConfigurations = (
				D7723E63253E66C9005EA4AA /* Debug */,
				D7723E64253E66C9005EA4AA /* Release */,
			);
			defaultConfigurationIsVisible = 0;
			defaultConfigurationName = Release;
		};
		D7723E65253E66C9005EA4AA /* Build configuration list for PBXNativeTarget "Landmarks" */ = {
			isa = XCConfigurationList;
			buildConfigurations = (
				D7723E66253E66C9005EA4AA /* Debug */,
				D7723E67253E66C9005EA4AA /* Release */,
			);
			defaultConfigurationIsVisible = 0;
			defaultConfigurationName = Release;
		};
/* End XCConfigurationList section */
	};
	rootObject = D7723E4E253E66C8005EA4AA /* Project object */;
}
